
Microsoft Visual Studio Solution File, Format Version 12.00
# Visual Studio Version 17
VisualStudioVersion = 17.14.36414.22 d17.14
MinimumVisualStudioVersion = 10.0.40219.1
Project("{FAE04EC0-301F-11D3-BF4B-00C04F79EFBC}") = "ClubDeportivoForms", "ClubDeportivoForms\ClubDeportivoForms.csproj", "{13CC8DC2-9ABC-4718-8E9C-2F01A29D7167}"
EndProject
Global
	GlobalSection(SolutionConfigurationPlatforms) = preSolution
		Debug|Any CPU = Debug|Any CPU
		Release|Any CPU = Release|Any CPU
	EndGlobalSection
	GlobalSection(ProjectConfigurationPlatforms) = postSolution
		{13CC8DC2-9ABC-4718-8E9C-2F01A29D7167}.Debug|Any CPU.ActiveCfg = Debug|Any CPU
		{13CC8DC2-9ABC-4718-8E9C-2F01A29D7167}.Debug|Any CPU.Build.0 = Debug|Any CPU
		{13CC8DC2-9ABC-4718-8E9C-2F01A29D7167}.Release|Any CPU.ActiveCfg = Release|Any CPU
		{13CC8DC2-9ABC-4718-8E9C-2F01A29D7167}.Release|Any CPU.Build.0 = Release|Any CPU
	EndGlobalSection
	GlobalSection(SolutionProperties) = preSolution
		HideSolutionNode = FALSE
	EndGlobalSection
	GlobalSection(ExtensibilityGlobals) = postSolution
		SolutionGuid = {5F270D22-C91D-4C25-8E60-2E3F07033C88}
	EndGlobalSection
EndGlobal
